
Microsoft Visual Studio Solution File, Format Version 12.00
# Visual Studio 14
VisualStudioVersion = 14.0.22609.0
MinimumVisualStudioVersion = 10.0.40219.1
Project("{2150E333-8FDC-42A3-9474-1A3956D46DE8}") = "01_GreetingSystem", "01_GreetingSystem", "{1DD17455-7AB5-4332-B0DA-93FE1BBF6FE4}"
	ProjectSection(SolutionItems) = preProject
		greeting-system-app.js = greeting-system-app.js
		greeting-system-index.html = greeting-system-index.html
	EndProjectSection
EndProject
Project("{2150E333-8FDC-42A3-9474-1A3956D46DE8}") = "02_Poll", "02_Poll", "{66AFCB22-C327-4C72-A22A-523F1CC1174B}"
EndProject
Global
	GlobalSection(SolutionProperties) = preSolution
		HideSolutionNode = FALSE
	EndGlobalSection
EndGlobal
